{
  "name": "correlationtocsv",
  "version": "1.0.0",
  "lockfileVersion": 1,
  "requires": true,
  "dependencies": {
    "calculate-correlation": {
      "version": "1.2.1",
      "resolved": "https://registry.npmjs.org/calculate-correlation/-/calculate-correlation-1.2.1.tgz",
      "integrity": "sha512-nA/4gJ/i1akVCH12deBqZd7aGXy9h2L7F/7Evum/IwpzRQaybe6AoitSzCi8Jc6pwHYZ5s206aZ08zmH1V1StQ=="
    }
  }
}
